// !$*UTF8*$!
{
	archiveVersion = 1;
	classes = {
	};
	objectVersion = 55;
	objects = {

/* Begin PBXBuildFile section */
		402B586E2781311D00401B02 /* Node.cpp in Sources */ = {isa = PBXBuildFile; fileRef = 402B586D2781311D00401B02 /* Node.cpp */; };
		40F3B321277A8DBA003D8C58 /* Matrix.hpp in Sources */ = {isa = PBXBuildFile; fileRef = 40F3B31D277A8DBA003D8C58 /* Matrix.hpp */; };
		40F3B323277A8DBA003D8C58 /* Expression.cpp in Sources */ = {isa = PBXBuildFile; fileRef = 40F3B31F277A8DBA003D8C58 /* Expression.cpp */; };
		40F3B324277A8DBA003D8C58 /* Expression.h in Sources */ = {isa = PBXBuildFile; fileRef = 40F3B320277A8DBA003D8C58 /* Expression.h */; };
		40F3B326277A8DD8003D8C58 /* main.cpp in Sources */ = {isa = PBXBuildFile; fileRef = 40F3B325277A8DD8003D8C58 /* main.cpp */; };
/* End PBXBuildFile section */

/* Begin PBXCopyFilesBuildPhase section */
		40F3B2E827764A61003D8C58 /* CopyFiles */ = {
			isa = PBXCopyFilesBuildPhase;
			buildActionMask = 2147483647;
			dstPath = /usr/share/man/man1/;
			dstSubfolderSpec = 0;
			files = (
			);
			runOnlyForDeploymentPostprocessing = 1;
		};
/* End PBXCopyFilesBuildPhase section */

/* Begin PBXFileReference section */
		402B586D2781311D00401B02 /* Node.cpp */ = {isa = PBXFileReference; lastKnownFileType = sourcecode.cpp.cpp; name = Node.cpp; path = math/Node.cpp; sourceTree = "<group>"; };
		40F3B2EA27764A61003D8C58 /* SymbolicMath */ = {isa = PBXFileReference; explicitFileType = "compiled.mach-o.executable"; includeInIndex = 0; path = SymbolicMath; sourceTree = BUILT_PRODUCTS_DIR; };
		40F3B300277A86A2003D8C58 /* SymbolicMath */ = {isa = PBXFileReference; lastKnownFileType = folder; path = SymbolicMath; sourceTree = "<group>"; };
		40F3B31D277A8DBA003D8C58 /* Matrix.hpp */ = {isa = PBXFileReference; lastKnownFileType = sourcecode.cpp.h; name = Matrix.hpp; path = math/Matrix.hpp; sourceTree = "<group>"; };
		40F3B31F277A8DBA003D8C58 /* Expression.cpp */ = {isa = PBXFileReference; lastKnownFileType = sourcecode.cpp.cpp; name = Expression.cpp; path = math/Expression.cpp; sourceTree = "<group>"; };
		40F3B320277A8DBA003D8C58 /* Expression.h */ = {isa = PBXFileReference; lastKnownFileType = sourcecode.c.h; name = Expression.h; path = math/Expression.h; sourceTree = "<group>"; };
		40F3B325277A8DD8003D8C58 /* main.cpp */ = {isa = PBXFileReference; lastKnownFileType = sourcecode.cpp.cpp; path = main.cpp; sourceTree = "<group>"; };
/* End PBXFileReference section */

/* Begin PBXFrameworksBuildPhase section */
		40F3B2E727764A61003D8C58 /* Frameworks */ = {
			isa = PBXFrameworksBuildPhase;
			buildActionMask = 2147483647;
			files = (
			);
			runOnlyForDeploymentPostprocessing = 0;
		};
/* End PBXFrameworksBuildPhase section */

/* Begin PBXGroup section */
		40F3B2E127764A61003D8C58 = {
			isa = PBXGroup;
			children = (
				402B586D2781311D00401B02 /* Node.cpp */,
				40F3B325277A8DD8003D8C58 /* main.cpp */,
				40F3B31F277A8DBA003D8C58 /* Expression.cpp */,
				40F3B320277A8DBA003D8C58 /* Expression.h */,
				40F3B31D277A8DBA003D8C58 /* Matrix.hpp */,
				40F3B300277A86A2003D8C58 /* SymbolicMath */,
				40F3B2EB27764A61003D8C58 /* Products */,
			);
			sourceTree = "<group>";
		};
		40F3B2EB27764A61003D8C58 /* Products */ = {
			isa = PBXGroup;
			children = (
				40F3B2EA27764A61003D8C58 /* SymbolicMath */,
			);
			name = Products;
			sourceTree = "<group>";
		};
/* End PBXGroup section */

/* Begin PBXNativeTarget section */
		40F3B2E927764A61003D8C58 /* SymbolicMath */ = {
			isa = PBXNativeTarget;
			buildConfigurationList = 40F3B2F127764A61003D8C58 /* Build configuration list for PBXNativeTarget "SymbolicMath" */;
			buildPhases = (
				40F3B2E627764A61003D8C58 /* Sources */,
				40F3B2E727764A61003D8C58 /* Frameworks */,
				40F3B2E827764A61003D8C58 /* CopyFiles */,
			);
			buildRules = (
			);
			dependencies = (
			);
			name = SymbolicMath;
			productName = SymbolicMath;
			productReference = 40F3B2EA27764A61003D8C58 /* SymbolicMath */;
			productType = "com.apple.product-type.tool";
		};
/* End PBXNativeTarget section */

/* Begin PBXProject section */
		40F3B2E227764A61003D8C58 /* Project object */ = {
			isa = PBXProject;
			attributes = {
				BuildIndependentTargetsInParallel = 1;
				LastUpgradeCheck = 1320;
				TargetAttributes = {
					40F3B2E927764A61003D8C58 = {
						CreatedOnToolsVersion = 13.2.1;
					};
				};
			};
			buildConfigurationList = 40F3B2E527764A61003D8C58 /* Build configuration list for PBXProject "SymbolicMath" */;
			compatibilityVersion = "Xcode 13.0";
			developmentRegion = en;
			hasScannedForEncodings = 0;
			knownRegions = (
				en,
				Base,
			);
			mainGroup = 40F3B2E127764A61003D8C58;
			productRefGroup = 40F3B2EB27764A61003D8C58 /* Products */;
			projectDirPath = "";
			projectRoot = "";
			targets = (
				40F3B2E927764A61003D8C58 /* SymbolicMath */,
			);
		};
/* End PBXProject section */

/* Begin PBXSourcesBuildPhase section */
		40F3B2E627764A61003D8C58 /* Sources */ = {
			isa = PBXSourcesBuildPhase;
			buildActionMask = 2147483647;
			files = (
				40F3B326277A8DD8003D8C58 /* main.cpp in Sources */,
				40F3B321277A8DBA003D8C58 /* Matrix.hpp in Sources */,
				40F3B323277A8DBA003D8C58 /* Expression.cpp in Sources */,
				40F3B324277A8DBA003D8C58 /* Expression.h in Sources */,
				402B586E2781311D00401B02 /* Node.cpp in Sources */,
			);
			runOnlyForDeploymentPostprocessing = 0;
		};
/* End PBXSourcesBuildPhase section */

/* Begin XCBuildConfiguration section */
		40F3B2EF27764A61003D8C58 /* Debug */ = {
			isa = XCBuildConfiguration;
			buildSettings = {
				ALWAYS_SEARCH_USER_PATHS = NO;
				CLANG_ANALYZER_NONNULL = YES;
				CLANG_ANALYZER_NUMBER_OBJECT_CONVERSION = YES_AGGRESSIVE;
				CLANG_CXX_LANGUAGE_STANDARD = "gnu++17";
				CLANG_CXX_LIBRARY = "libc++";
				CLANG_ENABLE_MODULES = YES;
				CLANG_ENABLE_OBJC_ARC = YES;
				CLANG_ENABLE_OBJC_WEAK = YES;
				CLANG_WARN_BLOCK_CAPTURE_AUTORELEASING = YES;
				CLANG_WARN_BOOL_CONVERSION = YES;
				CLANG_WARN_COMMA = YES;
				CLANG_WARN_CONSTANT_CONVERSION = YES;
				CLANG_WARN_DEPRECATED_OBJC_IMPLEMENTATIONS = YES;
				CLANG_WARN_DIRECT_OBJC_ISA_USAGE = YES_ERROR;
				CLANG_WARN_DOCUMENTATION_COMMENTS = YES;
				CLANG_WARN_EMPTY_BODY = YES;
				CLANG_WARN_ENUM_CONVERSION = YES;
				CLANG_WARN_INFINITE_RECURSION = YES;
				CLANG_WARN_INT_CONVERSION = YES;
				CLANG_WARN_NON_LITERAL_NULL_CONVERSION = YES;
				CLANG_WARN_OBJC_IMPLICIT_RETAIN_SELF = YES;
				CLANG_WARN_OBJC_LITERAL_CONVERSION = YES;
				CLANG_WARN_OBJC_ROOT_CLASS = YES_ERROR;
				CLANG_WARN_QUOTED_INCLUDE_IN_FRAMEWORK_HEADER = YES;
				CLANG_WARN_RANGE_LOOP_ANALYSIS = YES;
				CLANG_WARN_STRICT_PROTOTYPES = YES;
				CLANG_WARN_SUSPICIOUS_MOVE = YES;
				CLANG_WARN_UNGUARDED_AVAILABILITY = YES_AGGRESSIVE;
				CLANG_WARN_UNREACHABLE_CODE = YES;
				CLANG_WARN__DUPLICATE_METHOD_MATCH = YES;
				COPY_PHASE_STRIP = NO;
				DEBUG_INFORMATION_FORMAT = dwarf;
				ENABLE_STRICT_OBJC_MSGSEND = YES;
				ENABLE_TESTABILITY = YES;
				GCC_C_LANGUAGE_STANDARD = gnu11;
				GCC_DYNAMIC_NO_PIC = NO;
				GCC_NO_COMMON_BLOCKS = YES;
				GCC_OPTIMIZATION_LEVEL = 0;
				GCC_PREPROCESSOR_DEFINITIONS = (
					"DEBUG=1",
					"$(inherited)",
				);
				GCC_WARN_64_TO_32_BIT_CONVERSION = YES;
				GCC_WARN_ABOUT_RETURN_TYPE = YES_ERROR;
				GCC_WARN_UNDECLARED_SELECTOR = YES;
				GCC_WARN_UNINITIALIZED_AUTOS = YES_AGGRESSIVE;
				GCC_WARN_UNUSED_FUNCTION = YES;
				GCC_WARN_UNUSED_VARIABLE = YES;
				MACOSX_DEPLOYMENT_TARGET = 12.0;
				MTL_ENABLE_DEBUG_INFO = INCLUDE_SOURCE;
				MTL_FAST_MATH = YES;
				ONLY_ACTIVE_ARCH = YES;
				SDKROOT = macosx;
			};
			name = Debug;
		};
		40F3B2F027764A61003D8C58 /* Release */ = {
			isa = XCBuildConfiguration;
			buildSettings = {
				ALWAYS_SEARCH_USER_PATHS = NO;
				CLANG_ANALYZER_NONNULL = YES;
				CLANG_ANALYZER_NUMBER_OBJECT_CONVERSION = YES_AGGRESSIVE;
				CLANG_CXX_LANGUAGE_STANDARD = "gnu++17";
				CLANG_CXX_LIBRARY = "libc++";
				CLANG_ENABLE_MODULES = YES;
				CLANG_ENABLE_OBJC_ARC = YES;
				CLANG_ENABLE_OBJC_WEAK = YES;
				CLANG_WARN_BLOCK_CAPTURE_AUTORELEASING = YES;
				CLANG_WARN_BOOL_CONVERSION = YES;
				CLANG_WARN_COMMA = YES;
				CLANG_WARN_CONSTANT_CONVERSION = YES;
				CLANG_WARN_DEPRECATED_OBJC_IMPLEMENTATIONS = YES;
				CLANG_WARN_DIRECT_OBJC_ISA_USAGE = YES_ERROR;
				CLANG_WARN_DOCUMENTATION_COMMENTS = YES;
				CLANG_WARN_EMPTY_BODY = YES;
				CLANG_WARN_ENUM_CONVERSION = YES;
				CLANG_WARN_INFINITE_RECURSION = YES;
				CLANG_WARN_INT_CONVERSION = YES;
				CLANG_WARN_NON_LITERAL_NULL_CONVERSION = YES;
				CLANG_WARN_OBJC_IMPLICIT_RETAIN_SELF = YES;
				CLANG_WARN_OBJC_LITERAL_CONVERSION = YES;
				CLANG_WARN_OBJC_ROOT_CLASS = YES_ERROR;
				CLANG_WARN_QUOTED_INCLUDE_IN_FRAMEWORK_HEADER = YES;
				CLANG_WARN_RANGE_LOOP_ANALYSIS = YES;
				CLANG_WARN_STRICT_PROTOTYPES = YES;
				CLANG_WARN_SUSPICIOUS_MOVE = YES;
				CLANG_WARN_UNGUARDED_AVAILABILITY = YES_AGGRESSIVE;
				CLANG_WARN_UNREACHABLE_CODE = YES;
				CLANG_WARN__DUPLICATE_METHOD_MATCH = YES;
				COPY_PHASE_STRIP = NO;
				DEBUG_INFORMATION_FORMAT = "dwarf-with-dsym";
				ENABLE_NS_ASSERTIONS = NO;
				ENABLE_STRICT_OBJC_MSGSEND = YES;
				GCC_C_LANGUAGE_STANDARD = gnu11;
				GCC_NO_COMMON_BLOCKS = YES;
				GCC_WARN_64_TO_32_BIT_CONVERSION = YES;
				GCC_WARN_ABOUT_RETURN_TYPE = YES_ERROR;
				GCC_WARN_UNDECLARED_SELECTOR = YES;
				GCC_WARN_UNINITIALIZED_AUTOS = YES_AGGRESSIVE;
				GCC_WARN_UNUSED_FUNCTION = YES;
				GCC_WARN_UNUSED_VARIABLE = YES;
				MACOSX_DEPLOYMENT_TARGET = 12.0;
				MTL_ENABLE_DEBUG_INFO = NO;
				MTL_FAST_MATH = YES;
				SDKROOT = macosx;
			};
			name = Release;
		};
		40F3B2F227764A61003D8C58 /* Debug */ = {
			isa = XCBuildConfiguration;
			buildSettings = {
				CODE_SIGN_STYLE = Automatic;
				PRODUCT_NAME = "$(TARGET_NAME)";
			};
			name = Debug;
		};
		40F3B2F327764A61003D8C58 /* Release */ = {
			isa = XCBuildConfiguration;
			buildSettings = {
				CODE_SIGN_STYLE = Automatic;
				PRODUCT_NAME = "$(TARGET_NAME)";
			};
			name = Release;
		};
/* End XCBuildConfiguration section */

/* Begin XCConfigurationList section */
		40F3B2E527764A61003D8C58 /* Build configuration list for PBXProject "SymbolicMath" */ = {
			isa = XCConfigurationList;
			buildConfigurations = (
				40F3B2EF27764A61003D8C58 /* Debug */,
				40F3B2F027764A61003D8C58 /* Release */,
			);
			defaultConfigurationIsVisible = 0;
			defaultConfigurationName = Release;
		};
		40F3B2F127764A61003D8C58 /* Build configuration list for PBXNativeTarget "SymbolicMath" */ = {
			isa = XCConfigurationList;
			buildConfigurations = (
				40F3B2F227764A61003D8C58 /* Debug */,
				40F3B2F327764A61003D8C58 /* Release */,
			);
			defaultConfigurationIsVisible = 0;
			defaultConfigurationName = Release;
		};
/* End XCConfigurationList section */
	};
	rootObject = 40F3B2E227764A61003D8C58 /* Project object */;
}
